
Microsoft Visual Studio Solution File, Format Version 12.00
# Visual Studio Version 18
VisualStudioVersion = 18.1.11312.151
MinimumVisualStudioVersion = 10.0.40219.1
Project("{2150E333-8FDC-42A3-9474-1A3956D46DE8}") = "src", "src", "{AA6D3955-8264-4C8C-91D9-2B82B852C212}"
EndProject
Project("{2150E333-8FDC-42A3-9474-1A3956D46DE8}") = "tests", "tests", "{C88C222F-C0FF-4002-9E79-AF840005E561}"
EndProject
Project("{FAE04EC0-301F-11D3-BF4B-00C04F79EFBC}") = "Playground.VerticalSlice.Api", "src\Playground.VerticalSlice.Api\Playground.VerticalSlice.Api.csproj", "{0AC74172-C7BB-4179-BFD5-25C860A78EE1}"
EndProject
Project("{FAE04EC0-301F-11D3-BF4B-00C04F79EFBC}") = "Playground.VerticalSlice.Application", "src\Playground.VerticalSlice.Application\Playground.VerticalSlice.Application.csproj", "{3BFF6245-F6D0-4147-B0CE-CD20A8BBF462}"
EndProject
Project("{FAE04EC0-301F-11D3-BF4B-00C04F79EFBC}") = "Playground.VeticalSlice.UnitTests", "tests\Playground.VeticalSlice.UnitTests\Playground.VeticalSlice.UnitTests.csproj", "{0B3673C5-787A-4E2D-B892-BB4DDA7E9E06}"
EndProject
Project("{2150E333-8FDC-42A3-9474-1A3956D46DE8}") = "docs", "docs", "{E52C1D86-A2AC-48E4-B55A-79427DB77028}"
EndProject
Project("{2150E333-8FDC-42A3-9474-1A3956D46DE8}") = "shared", "shared", "{B09D60B2-8A5B-461F-8E0F-41896CDF8FDF}"
EndProject
Project("{2150E333-8FDC-42A3-9474-1A3956D46DE8}") = "monads", "monads", "{AC3F39A4-CF13-44AD-9344-7295B7992247}"
	ProjectSection(SolutionItems) = preProject
		docs\maybe.md = docs\maybe.md
		docs\result.md = docs\result.md
	EndProjectSection
EndProject
Project("{2150E333-8FDC-42A3-9474-1A3956D46DE8}") = "api", "api", "{56FA88A6-BAF0-4D03-857F-97CF9DA0F9EF}"
EndProject
Project("{2150E333-8FDC-42A3-9474-1A3956D46DE8}") = "endpoints", "endpoints", "{37186061-40D2-4835-AEBC-F9FC03F0C296}"
EndProject
Project("{2150E333-8FDC-42A3-9474-1A3956D46DE8}") = "extensions", "extensions", "{69ECE50F-FA15-4502-BD13-730CD5F47E4C}"
	ProjectSection(SolutionItems) = preProject
		docs\resultExtensions.md = docs\resultExtensions.md
	EndProjectSection
EndProject
Global
	GlobalSection(SolutionConfigurationPlatforms) = preSolution
		Debug|Any CPU = Debug|Any CPU
		Release|Any CPU = Release|Any CPU
	EndGlobalSection
	GlobalSection(ProjectConfigurationPlatforms) = postSolution
		{0AC74172-C7BB-4179-BFD5-25C860A78EE1}.Debug|Any CPU.ActiveCfg = Debug|Any CPU
		{0AC74172-C7BB-4179-BFD5-25C860A78EE1}.Debug|Any CPU.Build.0 = Debug|Any CPU
		{0AC74172-C7BB-4179-BFD5-25C860A78EE1}.Release|Any CPU.ActiveCfg = Release|Any CPU
		{0AC74172-C7BB-4179-BFD5-25C860A78EE1}.Release|Any CPU.Build.0 = Release|Any CPU
		{3BFF6245-F6D0-4147-B0CE-CD20A8BBF462}.Debug|Any CPU.ActiveCfg = Debug|Any CPU
		{3BFF6245-F6D0-4147-B0CE-CD20A8BBF462}.Debug|Any CPU.Build.0 = Debug|Any CPU
		{3BFF6245-F6D0-4147-B0CE-CD20A8BBF462}.Release|Any CPU.ActiveCfg = Release|Any CPU
		{3BFF6245-F6D0-4147-B0CE-CD20A8BBF462}.Release|Any CPU.Build.0 = Release|Any CPU
		{0B3673C5-787A-4E2D-B892-BB4DDA7E9E06}.Debug|Any CPU.ActiveCfg = Debug|Any CPU
		{0B3673C5-787A-4E2D-B892-BB4DDA7E9E06}.Debug|Any CPU.Build.0 = Debug|Any CPU
		{0B3673C5-787A-4E2D-B892-BB4DDA7E9E06}.Release|Any CPU.ActiveCfg = Release|Any CPU
		{0B3673C5-787A-4E2D-B892-BB4DDA7E9E06}.Release|Any CPU.Build.0 = Release|Any CPU
	EndGlobalSection
	GlobalSection(SolutionProperties) = preSolution
		HideSolutionNode = FALSE
	EndGlobalSection
	GlobalSection(NestedProjects) = preSolution
		{0AC74172-C7BB-4179-BFD5-25C860A78EE1} = {AA6D3955-8264-4C8C-91D9-2B82B852C212}
		{3BFF6245-F6D0-4147-B0CE-CD20A8BBF462} = {AA6D3955-8264-4C8C-91D9-2B82B852C212}
		{0B3673C5-787A-4E2D-B892-BB4DDA7E9E06} = {C88C222F-C0FF-4002-9E79-AF840005E561}
		{B09D60B2-8A5B-461F-8E0F-41896CDF8FDF} = {E52C1D86-A2AC-48E4-B55A-79427DB77028}
		{AC3F39A4-CF13-44AD-9344-7295B7992247} = {B09D60B2-8A5B-461F-8E0F-41896CDF8FDF}
		{56FA88A6-BAF0-4D03-857F-97CF9DA0F9EF} = {E52C1D86-A2AC-48E4-B55A-79427DB77028}
		{37186061-40D2-4835-AEBC-F9FC03F0C296} = {56FA88A6-BAF0-4D03-857F-97CF9DA0F9EF}
		{69ECE50F-FA15-4502-BD13-730CD5F47E4C} = {37186061-40D2-4835-AEBC-F9FC03F0C296}
	EndGlobalSection
	GlobalSection(ExtensibilityGlobals) = postSolution
		SolutionGuid = {E82E5182-824D-4FCA-8598-97023A336AC7}
	EndGlobalSection
EndGlobal
